
Microsoft Visual Studio Solution File, Format Version 12.00
# Visual Studio Version 17
VisualStudioVersion = 17.9.34616.47
MinimumVisualStudioVersion = 10.0.40219.1
Project("{FAE04EC0-301F-11D3-BF4B-00C04F79EFBC}") = "jvconsult", "jvconsult\jvconsult.csproj", "{8C25719D-2960-4877-9230-097A572B35B6}"
EndProject
Global
	GlobalSection(SolutionConfigurationPlatforms) = preSolution
		Debug|Any CPU = Debug|Any CPU
		Release|Any CPU = Release|Any CPU
	EndGlobalSection
	GlobalSection(ProjectConfigurationPlatforms) = postSolution
		{8C25719D-2960-4877-9230-097A572B35B6}.Debug|Any CPU.ActiveCfg = Debug|Any CPU
		{8C25719D-2960-4877-9230-097A572B35B6}.Debug|Any CPU.Build.0 = Debug|Any CPU
		{8C25719D-2960-4877-9230-097A572B35B6}.Release|Any CPU.ActiveCfg = Release|Any CPU
		{8C25719D-2960-4877-9230-097A572B35B6}.Release|Any CPU.Build.0 = Release|Any CPU
	EndGlobalSection
	GlobalSection(SolutionProperties) = preSolution
		HideSolutionNode = FALSE
	EndGlobalSection
	GlobalSection(ExtensibilityGlobals) = postSolution
		SolutionGuid = {25200949-6BC3-446A-AA7D-A4593B471BA0}
	EndGlobalSection
EndGlobal
